
Microsoft Visual Studio Solution File, Format Version 12.00
# Visual Studio Version 16
VisualStudioVersion = 16.0.30711.63
MinimumVisualStudioVersion = 10.0.40219.1
Project("{9A19103F-16F7-4668-BE54-9A1E7A4F7556}") = "AccuWeather", "AccuWeather\AccuWeather.csproj", "{6B85C543-4F84-434A-8220-0C5C8270B707}"
EndProject
Global
	GlobalSection(SolutionConfigurationPlatforms) = preSolution
		Debug|Any CPU = Debug|Any CPU
		Release|Any CPU = Release|Any CPU
	EndGlobalSection
	GlobalSection(ProjectConfigurationPlatforms) = postSolution
		{6B85C543-4F84-434A-8220-0C5C8270B707}.Debug|Any CPU.ActiveCfg = Debug|Any CPU
		{6B85C543-4F84-434A-8220-0C5C8270B707}.Debug|Any CPU.Build.0 = Debug|Any CPU
		{6B85C543-4F84-434A-8220-0C5C8270B707}.Release|Any CPU.ActiveCfg = Release|Any CPU
		{6B85C543-4F84-434A-8220-0C5C8270B707}.Release|Any CPU.Build.0 = Release|Any CPU
	EndGlobalSection
	GlobalSection(SolutionProperties) = preSolution
		HideSolutionNode = FALSE
	EndGlobalSection
	GlobalSection(ExtensibilityGlobals) = postSolution
		SolutionGuid = {75B41486-6E37-4AE3-AB29-1E351B4967E5}
	EndGlobalSection
EndGlobal
